
Microsoft Visual Studio Solution File, Format Version 12.00
# Visual Studio 15
VisualStudioVersion = 15.0.27703.2035
MinimumVisualStudioVersion = 10.0.40219.1
Project("{FAE04EC0-301F-11D3-BF4B-00C04F79EFBC}") = "View", "View\View.csproj", "{9CF64C56-D896-43FB-B77B-76B9CC908188}"
EndProject
Project("{FAE04EC0-301F-11D3-BF4B-00C04F79EFBC}") = "ViewModel", "ViewModel\ViewModel.csproj", "{3C845452-3780-40A1-8EA1-ED3B8303B89A}"
EndProject
Project("{FAE04EC0-301F-11D3-BF4B-00C04F79EFBC}") = "Model", "Model\Model.csproj", "{DD952791-AF58-4625-A576-2150C2238858}"
EndProject
Project("{FAE04EC0-301F-11D3-BF4B-00C04F79EFBC}") = "CrossCutting", "CrossCutting\CrossCutting.csproj", "{F8708623-0CB1-44D2-AD16-B6BBE3E0ABC3}"
EndProject
Global
	GlobalSection(SolutionConfigurationPlatforms) = preSolution
		Debug|Any CPU = Debug|Any CPU
		Release|Any CPU = Release|Any CPU
	EndGlobalSection
	GlobalSection(ProjectConfigurationPlatforms) = postSolution
		{9CF64C56-D896-43FB-B77B-76B9CC908188}.Debug|Any CPU.ActiveCfg = Debug|Any CPU
		{9CF64C56-D896-43FB-B77B-76B9CC908188}.Debug|Any CPU.Build.0 = Debug|Any CPU
		{9CF64C56-D896-43FB-B77B-76B9CC908188}.Release|Any CPU.ActiveCfg = Release|Any CPU
		{9CF64C56-D896-43FB-B77B-76B9CC908188}.Release|Any CPU.Build.0 = Release|Any CPU
		{3C845452-3780-40A1-8EA1-ED3B8303B89A}.Debug|Any CPU.ActiveCfg = Debug|Any CPU
		{3C845452-3780-40A1-8EA1-ED3B8303B89A}.Debug|Any CPU.Build.0 = Debug|Any CPU
		{3C845452-3780-40A1-8EA1-ED3B8303B89A}.Release|Any CPU.ActiveCfg = Release|Any CPU
		{3C845452-3780-40A1-8EA1-ED3B8303B89A}.Release|Any CPU.Build.0 = Release|Any CPU
		{DD952791-AF58-4625-A576-2150C2238858}.Debug|Any CPU.ActiveCfg = Debug|Any CPU
		{DD952791-AF58-4625-A576-2150C2238858}.Debug|Any CPU.Build.0 = Debug|Any CPU
		{DD952791-AF58-4625-A576-2150C2238858}.Release|Any CPU.ActiveCfg = Release|Any CPU
		{DD952791-AF58-4625-A576-2150C2238858}.Release|Any CPU.Build.0 = Release|Any CPU
		{F8708623-0CB1-44D2-AD16-B6BBE3E0ABC3}.Debug|Any CPU.ActiveCfg = Debug|Any CPU
		{F8708623-0CB1-44D2-AD16-B6BBE3E0ABC3}.Debug|Any CPU.Build.0 = Debug|Any CPU
		{F8708623-0CB1-44D2-AD16-B6BBE3E0ABC3}.Release|Any CPU.ActiveCfg = Release|Any CPU
		{F8708623-0CB1-44D2-AD16-B6BBE3E0ABC3}.Release|Any CPU.Build.0 = Release|Any CPU
	EndGlobalSection
	GlobalSection(SolutionProperties) = preSolution
		HideSolutionNode = FALSE
	EndGlobalSection
	GlobalSection(ExtensibilityGlobals) = postSolution
		SolutionGuid = {D01F07CE-0A40-4908-A28A-D7B9EAF0167A}
	EndGlobalSection
EndGlobal
